
Microsoft Visual Studio Solution File, Format Version 12.00
# Visual Studio Version 17
VisualStudioVersion = 17.11.35431.28
MinimumVisualStudioVersion = 10.0.40219.1
Project("{FAE04EC0-301F-11D3-BF4B-00C04F79EFBC}") = "Test", "Test\Test.csproj", "{C3E3EA18-9434-4B8E-B3AB-87E1F9096071}"
EndProject
Global
	GlobalSection(SolutionConfigurationPlatforms) = preSolution
		Debug|Any CPU = Debug|Any CPU
		Release|Any CPU = Release|Any CPU
	EndGlobalSection
	GlobalSection(ProjectConfigurationPlatforms) = postSolution
		{C3E3EA18-9434-4B8E-B3AB-87E1F9096071}.Debug|Any CPU.ActiveCfg = Debug|Any CPU
		{C3E3EA18-9434-4B8E-B3AB-87E1F9096071}.Debug|Any CPU.Build.0 = Debug|Any CPU
		{C3E3EA18-9434-4B8E-B3AB-87E1F9096071}.Release|Any CPU.ActiveCfg = Release|Any CPU
		{C3E3EA18-9434-4B8E-B3AB-87E1F9096071}.Release|Any CPU.Build.0 = Release|Any CPU
	EndGlobalSection
	GlobalSection(SolutionProperties) = preSolution
		HideSolutionNode = FALSE
	EndGlobalSection
	GlobalSection(ExtensibilityGlobals) = postSolution
		SolutionGuid = {1CEB72FE-F76A-4B00-BECF-3FC4C7AFDBD3}
	EndGlobalSection
EndGlobal
